
Microsoft Visual Studio Solution File, Format Version 12.00
# Visual Studio 2012
Project("{FAE04EC0-301F-11D3-BF4B-00C04F79EFBC}") = "Armiger", "Armiger.csproj", "{A2BD9640-9647-42E5-849E-164001546C9D}"
EndProject
Project("{FAE04EC0-301F-11D3-BF4B-00C04F79EFBC}") = "ArmigerTests", "..\ArmigerTests\ArmigerTests.csproj", "{AA5CA00D-F1CF-444F-B114-099FD2E6C8F9}"
EndProject
Global
	GlobalSection(SolutionConfigurationPlatforms) = preSolution
		Debug|Any CPU = Debug|Any CPU
		Release|Any CPU = Release|Any CPU
	EndGlobalSection
	GlobalSection(ProjectConfigurationPlatforms) = postSolution
		{A2BD9640-9647-42E5-849E-164001546C9D}.Debug|Any CPU.ActiveCfg = Debug|Any CPU
		{A2BD9640-9647-42E5-849E-164001546C9D}.Debug|Any CPU.Build.0 = Debug|Any CPU
		{A2BD9640-9647-42E5-849E-164001546C9D}.Release|Any CPU.ActiveCfg = Release|Any CPU
		{A2BD9640-9647-42E5-849E-164001546C9D}.Release|Any CPU.Build.0 = Release|Any CPU
		{AA5CA00D-F1CF-444F-B114-099FD2E6C8F9}.Debug|Any CPU.ActiveCfg = Debug|Any CPU
		{AA5CA00D-F1CF-444F-B114-099FD2E6C8F9}.Debug|Any CPU.Build.0 = Debug|Any CPU
		{AA5CA00D-F1CF-444F-B114-099FD2E6C8F9}.Release|Any CPU.ActiveCfg = Release|Any CPU
		{AA5CA00D-F1CF-444F-B114-099FD2E6C8F9}.Release|Any CPU.Build.0 = Release|Any CPU
	EndGlobalSection
	GlobalSection(SolutionProperties) = preSolution
		HideSolutionNode = FALSE
	EndGlobalSection
	GlobalSection(Performance) = preSolution
		HasPerformanceSessions = true
	EndGlobalSection
EndGlobal
